// !$*UTF8*$!
{
	archiveVersion = 1;
	classes = {
	};
	objectVersion = 63;
	objects = {

/* Begin PBXBuildFile section */
		0AB071EAA0BAE56B2FE861EC /* ShareExtension.appex in Embed Foundation Extensions */ = {isa = PBXBuildFile; fileRef = C427EE9ECEB53B6FC8DD7310 /* ShareExtension.appex */; settings = {ATTRIBUTES = (RemoveHeadersOnCopy, ); }; };
		0F38F5D9761141479281413C /* MistralOCRApp.swift in Sources */ = {isa = PBXBuildFile; fileRef = 8DB25F8624EFCE090EFCF4C1 /* MistralOCRApp.swift */; };
		1D05907909916F4AB1936571 /* ServicesProvider.swift in Sources */ = {isa = PBXBuildFile; fileRef = ED16705339DEB62D67465817 /* ServicesProvider.swift */; };
		1D559D9DC6F7CCBA552EE918 /* AppDelegate.swift in Sources */ = {isa = PBXBuildFile; fileRef = 5605DACB5949CA9E28435589 /* AppDelegate.swift */; };
		1DE30FC91651D584CA871AF6 /* Logger.swift in Sources */ = {isa = PBXBuildFile; fileRef = E0202777652CD785AC171874 /* Logger.swift */; };
		1EEDB61794337EA18AF8C781 /* HistoryView.swift in Sources */ = {isa = PBXBuildFile; fileRef = 598554CB3B77EFCF9883B32C /* HistoryView.swift */; };
		416A0C3B619BD9C85B835144 /* OCRClient.swift in Sources */ = {isa = PBXBuildFile; fileRef = BF385C203F30D7E3E3CEFA4D /* OCRClient.swift */; };
		49693F365544F4E15DA61B5B /* DepositWatcher.swift in Sources */ = {isa = PBXBuildFile; fileRef = F7EE612D7463431928027491 /* DepositWatcher.swift */; };
		4A2749BAEB53CA09FF60C305 /* Assets.xcassets in Resources */ = {isa = PBXBuildFile; fileRef = 4F2F624F735382B237919543 /* Assets.xcassets */; };
		4C660EBCA8806F3F7D416720 /* FormatDetect.swift in Sources */ = {isa = PBXBuildFile; fileRef = 2796C102A8BF6DE53DB40BDB /* FormatDetect.swift */; };
		4CAF1CF8967C5300F31D7EDA /* AppModel.swift in Sources */ = {isa = PBXBuildFile; fileRef = E83EA6849DDE6B19B7E9A50A /* AppModel.swift */; };
		50BCEAC9A7CFC27D26990910 /* MainWindowManager.swift in Sources */ = {isa = PBXBuildFile; fileRef = 26BCDECF44C14EE04B4EBDC0 /* MainWindowManager.swift */; };
		559AACD73077DE52E51E4DC7 /* MainWindow.swift in Sources */ = {isa = PBXBuildFile; fileRef = 71F54D2AD957F26E31B3754F /* MainWindow.swift */; };
		762E58BF98B03587438C6523 /* Assest.xcassets in Resources */ = {isa = PBXBuildFile; fileRef = 25C9C92D80EA3D97CB1886C6 /* Assest.xcassets */; };
		8B01707D5A61D69706F19E2E /* Localizable.strings in Resources */ = {isa = PBXBuildFile; fileRef = 6887CE5AE1F95EC2982A564C /* Localizable.strings */; };
		9BF3F2763EB0174C3C17643D /* GlobalHotkeyManager.swift in Sources */ = {isa = PBXBuildFile; fileRef = F509FE9CD36CFC40B6539446 /* GlobalHotkeyManager.swift */; };
		9DF3CAEF2901648AC6B5828C /* SendPanel.swift in Sources */ = {isa = PBXBuildFile; fileRef = F50267A66482682DAA0F7897 /* SendPanel.swift */; };
		B415036026EE54259AB19CDE /* HistoryStore.swift in Sources */ = {isa = PBXBuildFile; fileRef = 98EE01E74092CF85A6275818 /* HistoryStore.swift */; };
		BBC63D2190E6EA4A285C5153 /* ModelCatalog.swift in Sources */ = {isa = PBXBuildFile; fileRef = AF20BD0BCE6571A94B9EE28D /* ModelCatalog.swift */; };
		C79474B29F29756DF3814248 /* FrontmostResolver.swift in Sources */ = {isa = PBXBuildFile; fileRef = AA4A411312D29EE708BB20A2 /* FrontmostResolver.swift */; };
		D7D84334B9C2629879C4C24B /* PreferencesView.swift in Sources */ = {isa = PBXBuildFile; fileRef = BF204B55AD0B90860635698B /* PreferencesView.swift */; };
		D8F6F8587E28727565947369 /* DropZoneView.swift in Sources */ = {isa = PBXBuildFile; fileRef = 895B25EFA7567579EF0E368B /* DropZoneView.swift */; };
		DA9F2E3DE34A47961EB53F48 /* SettingsStore.swift in Sources */ = {isa = PBXBuildFile; fileRef = A3882E31D6AA8AFFFEAB2EAF /* SettingsStore.swift */; };
		F4487A1070DBA1ED9B75A6E0 /* ShareExtensionViewController.swift in Sources */ = {isa = PBXBuildFile; fileRef = 479381D9D6BDA9184198637D /* ShareExtensionViewController.swift */; };
		FBBB980995AC13245325BC53 /* StatusController.swift in Sources */ = {isa = PBXBuildFile; fileRef = 65DB219EA40767FEF025BE43 /* StatusController.swift */; };
/* End PBXBuildFile section */

/* Begin PBXContainerItemProxy section */
		9D96612508973BB765B065FF /* PBXContainerItemProxy */ = {
			isa = PBXContainerItemProxy;
			containerPortal = B0F75163F6459D5AD08F40A5 /* Project object */;
			proxyType = 1;
			remoteGlobalIDString = 55E5B0C965AE4F230F75ABDE;
			remoteInfo = ShareExtension;
		};
/* End PBXContainerItemProxy section */

/* Begin PBXCopyFilesBuildPhase section */
		E118BB39CFDC7FA90B0B0D37 /* Embed Foundation Extensions */ = {
			isa = PBXCopyFilesBuildPhase;
			buildActionMask = 2147483647;
			dstPath = "";
			dstSubfolderSpec = 13;
			files = (
				0AB071EAA0BAE56B2FE861EC /* ShareExtension.appex in Embed Foundation Extensions */,
			);
			name = "Embed Foundation Extensions";
			runOnlyForDeploymentPostprocessing = 0;
		};
/* End PBXCopyFilesBuildPhase section */

/* Begin PBXFileReference section */
		025CAA1E940AEE5448C923AF /* Info.plist */ = {isa = PBXFileReference; lastKnownFileType = text.plist; path = Info.plist; sourceTree = "<group>"; };
		25C9C92D80EA3D97CB1886C6 /* Assest.xcassets */ = {isa = PBXFileReference; lastKnownFileType = folder.assetcatalog; path = Assest.xcassets; sourceTree = "<group>"; };
		26BCDECF44C14EE04B4EBDC0 /* MainWindowManager.swift */ = {isa = PBXFileReference; lastKnownFileType = sourcecode.swift; path = MainWindowManager.swift; sourceTree = "<group>"; };
		2796C102A8BF6DE53DB40BDB /* FormatDetect.swift */ = {isa = PBXFileReference; lastKnownFileType = sourcecode.swift; path = FormatDetect.swift; sourceTree = "<group>"; };
		479381D9D6BDA9184198637D /* ShareExtensionViewController.swift */ = {isa = PBXFileReference; lastKnownFileType = sourcecode.swift; path = ShareExtensionViewController.swift; sourceTree = "<group>"; };
		4F2F624F735382B237919543 /* Assets.xcassets */ = {isa = PBXFileReference; lastKnownFileType = folder.assetcatalog; path = Assets.xcassets; sourceTree = "<group>"; };
		5605DACB5949CA9E28435589 /* AppDelegate.swift */ = {isa = PBXFileReference; lastKnownFileType = sourcecode.swift; path = AppDelegate.swift; sourceTree = "<group>"; };
		598554CB3B77EFCF9883B32C /* HistoryView.swift */ = {isa = PBXFileReference; lastKnownFileType = sourcecode.swift; path = HistoryView.swift; sourceTree = "<group>"; };
		65DB219EA40767FEF025BE43 /* StatusController.swift */ = {isa = PBXFileReference; lastKnownFileType = sourcecode.swift; path = StatusController.swift; sourceTree = "<group>"; };
		6E3AFAB302D506A0CC3832D7 /* en */ = {isa = PBXFileReference; lastKnownFileType = text.plist.strings; name = en; path = en.lproj/Localizable.strings; sourceTree = "<group>"; };
		71F54D2AD957F26E31B3754F /* MainWindow.swift */ = {isa = PBXFileReference; lastKnownFileType = sourcecode.swift; path = MainWindow.swift; sourceTree = "<group>"; };
		895B25EFA7567579EF0E368B /* DropZoneView.swift */ = {isa = PBXFileReference; lastKnownFileType = sourcecode.swift; path = DropZoneView.swift; sourceTree = "<group>"; };
		8DB25F8624EFCE090EFCF4C1 /* MistralOCRApp.swift */ = {isa = PBXFileReference; lastKnownFileType = sourcecode.swift; path = MistralOCRApp.swift; sourceTree = "<group>"; };
		8DBFF0F7D51FD6E8CBF0905A /* Info.plist */ = {isa = PBXFileReference; lastKnownFileType = text.plist; path = Info.plist; sourceTree = "<group>"; };
		970F907A12A03EC7CC96AFB4 /* MistralOCR.app */ = {isa = PBXFileReference; explicitFileType = wrapper.application; includeInIndex = 0; path = MistralOCR.app; sourceTree = BUILT_PRODUCTS_DIR; };
		98EE01E74092CF85A6275818 /* HistoryStore.swift */ = {isa = PBXFileReference; lastKnownFileType = sourcecode.swift; path = HistoryStore.swift; sourceTree = "<group>"; };
		A3882E31D6AA8AFFFEAB2EAF /* SettingsStore.swift */ = {isa = PBXFileReference; lastKnownFileType = sourcecode.swift; path = SettingsStore.swift; sourceTree = "<group>"; };
		AA4A411312D29EE708BB20A2 /* FrontmostResolver.swift */ = {isa = PBXFileReference; lastKnownFileType = sourcecode.swift; path = FrontmostResolver.swift; sourceTree = "<group>"; };
		AF20BD0BCE6571A94B9EE28D /* ModelCatalog.swift */ = {isa = PBXFileReference; lastKnownFileType = sourcecode.swift; path = ModelCatalog.swift; sourceTree = "<group>"; };
		BF204B55AD0B90860635698B /* PreferencesView.swift */ = {isa = PBXFileReference; lastKnownFileType = sourcecode.swift; path = PreferencesView.swift; sourceTree = "<group>"; };
		BF385C203F30D7E3E3CEFA4D /* OCRClient.swift */ = {isa = PBXFileReference; lastKnownFileType = sourcecode.swift; path = OCRClient.swift; sourceTree = "<group>"; };
		C427EE9ECEB53B6FC8DD7310 /* ShareExtension.appex */ = {isa = PBXFileReference; explicitFileType = "wrapper.app-extension"; includeInIndex = 0; path = ShareExtension.appex; sourceTree = BUILT_PRODUCTS_DIR; };
		CDBA9D4BAAFA41356B8E374F /* fr */ = {isa = PBXFileReference; lastKnownFileType = text.plist.strings; name = fr; path = fr.lproj/Localizable.strings; sourceTree = "<group>"; };
		E0202777652CD785AC171874 /* Logger.swift */ = {isa = PBXFileReference; lastKnownFileType = sourcecode.swift; path = Logger.swift; sourceTree = "<group>"; };
		E83EA6849DDE6B19B7E9A50A /* AppModel.swift */ = {isa = PBXFileReference; lastKnownFileType = sourcecode.swift; path = AppModel.swift; sourceTree = "<group>"; };
		ED16705339DEB62D67465817 /* ServicesProvider.swift */ = {isa = PBXFileReference; lastKnownFileType = sourcecode.swift; path = ServicesProvider.swift; sourceTree = "<group>"; };
		F50267A66482682DAA0F7897 /* SendPanel.swift */ = {isa = PBXFileReference; lastKnownFileType = sourcecode.swift; path = SendPanel.swift; sourceTree = "<group>"; };
		F509FE9CD36CFC40B6539446 /* GlobalHotkeyManager.swift */ = {isa = PBXFileReference; lastKnownFileType = sourcecode.swift; path = GlobalHotkeyManager.swift; sourceTree = "<group>"; };
		F7EE612D7463431928027491 /* DepositWatcher.swift */ = {isa = PBXFileReference; lastKnownFileType = sourcecode.swift; path = DepositWatcher.swift; sourceTree = "<group>"; };
/* End PBXFileReference section */

/* Begin PBXGroup section */
		1615FBF70CB275BA8A2D5EF2 /* Logging */ = {
			isa = PBXGroup;
			children = (
				E0202777652CD785AC171874 /* Logger.swift */,
			);
			path = Logging;
			sourceTree = "<group>";
		};
		2ACDFD52DEE1013EA492ED12 /* UI */ = {
			isa = PBXGroup;
			children = (
				895B25EFA7567579EF0E368B /* DropZoneView.swift */,
				598554CB3B77EFCF9883B32C /* HistoryView.swift */,
				71F54D2AD957F26E31B3754F /* MainWindow.swift */,
				BF204B55AD0B90860635698B /* PreferencesView.swift */,
				F50267A66482682DAA0F7897 /* SendPanel.swift */,
			);
			path = UI;
			sourceTree = "<group>";
		};
		3F412C211B1325BC0146D61B /* ShareExtension */ = {
			isa = PBXGroup;
			children = (
				25C9C92D80EA3D97CB1886C6 /* Assest.xcassets */,
				025CAA1E940AEE5448C923AF /* Info.plist */,
			);
			name = ShareExtension;
			path = Resources/ShareExtension;
			sourceTree = "<group>";
		};
		56086BD4D1F941DE77BD77C8 /* Shortcuts */ = {
			isa = PBXGroup;
			children = (
				F509FE9CD36CFC40B6539446 /* GlobalHotkeyManager.swift */,
			);
			path = Shortcuts;
			sourceTree = "<group>";
		};
		5DE207515B9D33AB9B5144EE /* Core */ = {
			isa = PBXGroup;
			children = (
				E83EA6849DDE6B19B7E9A50A /* AppModel.swift */,
				F7EE612D7463431928027491 /* DepositWatcher.swift */,
				2796C102A8BF6DE53DB40BDB /* FormatDetect.swift */,
				AA4A411312D29EE708BB20A2 /* FrontmostResolver.swift */,
				98EE01E74092CF85A6275818 /* HistoryStore.swift */,
				26BCDECF44C14EE04B4EBDC0 /* MainWindowManager.swift */,
				AF20BD0BCE6571A94B9EE28D /* ModelCatalog.swift */,
				BF385C203F30D7E3E3CEFA4D /* OCRClient.swift */,
				A3882E31D6AA8AFFFEAB2EAF /* SettingsStore.swift */,
			);
			path = Core;
			sourceTree = "<group>";
		};
		62C423C1D26B60A08E1EC30E /* App */ = {
			isa = PBXGroup;
			children = (
				5605DACB5949CA9E28435589 /* AppDelegate.swift */,
				8DB25F8624EFCE090EFCF4C1 /* MistralOCRApp.swift */,
				5DE207515B9D33AB9B5144EE /* Core */,
				F83F5FAC1A72702D35906E6C /* Localization */,
				1615FBF70CB275BA8A2D5EF2 /* Logging */,
				8C853AEA9CC6C89B9BFCBB94 /* Services */,
				56086BD4D1F941DE77BD77C8 /* Shortcuts */,
				CB0A3BA50F172A95CAC3A323 /* StatusItem */,
				2ACDFD52DEE1013EA492ED12 /* UI */,
			);
			name = App;
			path = Sources/App;
			sourceTree = "<group>";
		};
		8C853AEA9CC6C89B9BFCBB94 /* Services */ = {
			isa = PBXGroup;
			children = (
				ED16705339DEB62D67465817 /* ServicesProvider.swift */,
			);
			path = Services;
			sourceTree = "<group>";
		};
		91DE4B17BC12147F415A628C /* ShareExtension */ = {
			isa = PBXGroup;
			children = (
				479381D9D6BDA9184198637D /* ShareExtensionViewController.swift */,
			);
			name = ShareExtension;
			path = Sources/ShareExtension;
			sourceTree = "<group>";
		};
		9AD390C2804FD319299AA2AF /* App */ = {
			isa = PBXGroup;
			children = (
				4F2F624F735382B237919543 /* Assets.xcassets */,
				8DBFF0F7D51FD6E8CBF0905A /* Info.plist */,
			);
			name = App;
			path = Resources/App;
			sourceTree = "<group>";
		};
		B07CF4AFA3A0F1B346E1243E /* Products */ = {
			isa = PBXGroup;
			children = (
				970F907A12A03EC7CC96AFB4 /* MistralOCR.app */,
				C427EE9ECEB53B6FC8DD7310 /* ShareExtension.appex */,
			);
			name = Products;
			sourceTree = "<group>";
		};
		CB0A3BA50F172A95CAC3A323 /* StatusItem */ = {
			isa = PBXGroup;
			children = (
				65DB219EA40767FEF025BE43 /* StatusController.swift */,
			);
			path = StatusItem;
			sourceTree = "<group>";
		};
		F83F5FAC1A72702D35906E6C /* Localization */ = {
			isa = PBXGroup;
			children = (
				6887CE5AE1F95EC2982A564C /* Localizable.strings */,
			);
			path = Localization;
			sourceTree = "<group>";
		};
		FE33B8ACC63DCC344E1E3B01 = {
			isa = PBXGroup;
			children = (
				9AD390C2804FD319299AA2AF /* App */,
				62C423C1D26B60A08E1EC30E /* App */,
				3F412C211B1325BC0146D61B /* ShareExtension */,
				91DE4B17BC12147F415A628C /* ShareExtension */,
				B07CF4AFA3A0F1B346E1243E /* Products */,
			);
			sourceTree = "<group>";
		};
/* End PBXGroup section */

/* Begin PBXNativeTarget section */
		0F36A62A7FBE91D354B9322A /* MistralOCR_Desktop */ = {
			isa = PBXNativeTarget;
			buildConfigurationList = 187DCFDEDDE2A0D3EEF46E55 /* Build configuration list for PBXNativeTarget "MistralOCR_Desktop" */;
			buildPhases = (
				22CC93CEE9340F270E684B46 /* Sources */,
				5627076E039D572181E8C10F /* Resources */,
				E118BB39CFDC7FA90B0B0D37 /* Embed Foundation Extensions */,
			);
			buildRules = (
			);
			dependencies = (
				964B8ACDBCAA5FF7C1C992B8 /* PBXTargetDependency */,
			);
			name = MistralOCR_Desktop;
			packageProductDependencies = (
			);
			productName = MistralOCR_Desktop;
			productReference = 970F907A12A03EC7CC96AFB4 /* MistralOCR.app */;
			productType = "com.apple.product-type.application";
		};
		55E5B0C965AE4F230F75ABDE /* ShareExtension */ = {
			isa = PBXNativeTarget;
			buildConfigurationList = 1725174E93D64DDA0B9CB2F4 /* Build configuration list for PBXNativeTarget "ShareExtension" */;
			buildPhases = (
				244D099A39CAE6461882F8C1 /* Sources */,
				DF5C4F2FDD25D7C524BC3796 /* Resources */,
			);
			buildRules = (
			);
			dependencies = (
			);
			name = ShareExtension;
			packageProductDependencies = (
			);
			productName = ShareExtension;
			productReference = C427EE9ECEB53B6FC8DD7310 /* ShareExtension.appex */;
			productType = "com.apple.product-type.app-extension";
		};
/* End PBXNativeTarget section */

/* Begin PBXProject section */
		B0F75163F6459D5AD08F40A5 /* Project object */ = {
			isa = PBXProject;
			attributes = {
				BuildIndependentTargetsInParallel = YES;
				LastUpgradeCheck = 1640;
			};
			buildConfigurationList = 71B446A1736CF593547073DA /* Build configuration list for PBXProject "MistralOCR_Desktop" */;
			compatibilityVersion = "Xcode 14.0";
			developmentRegion = en;
			hasScannedForEncodings = 0;
			knownRegions = (
				Base,
				en,
				fr,
			);
			mainGroup = FE33B8ACC63DCC344E1E3B01;
			minimizedProjectReferenceProxies = 1;
			projectDirPath = "";
			projectRoot = "";
			targets = (
				0F36A62A7FBE91D354B9322A /* MistralOCR_Desktop */,
				55E5B0C965AE4F230F75ABDE /* ShareExtension */,
			);
		};
/* End PBXProject section */

/* Begin PBXResourcesBuildPhase section */
		5627076E039D572181E8C10F /* Resources */ = {
			isa = PBXResourcesBuildPhase;
			buildActionMask = 2147483647;
			files = (
				4A2749BAEB53CA09FF60C305 /* Assets.xcassets in Resources */,
				8B01707D5A61D69706F19E2E /* Localizable.strings in Resources */,
			);
			runOnlyForDeploymentPostprocessing = 0;
		};
		DF5C4F2FDD25D7C524BC3796 /* Resources */ = {
			isa = PBXResourcesBuildPhase;
			buildActionMask = 2147483647;
			files = (
				762E58BF98B03587438C6523 /* Assest.xcassets in Resources */,
			);
			runOnlyForDeploymentPostprocessing = 0;
		};
/* End PBXResourcesBuildPhase section */

/* Begin PBXSourcesBuildPhase section */
		22CC93CEE9340F270E684B46 /* Sources */ = {
			isa = PBXSourcesBuildPhase;
			buildActionMask = 2147483647;
			files = (
				1D559D9DC6F7CCBA552EE918 /* AppDelegate.swift in Sources */,
				4CAF1CF8967C5300F31D7EDA /* AppModel.swift in Sources */,
				49693F365544F4E15DA61B5B /* DepositWatcher.swift in Sources */,
				D8F6F8587E28727565947369 /* DropZoneView.swift in Sources */,
				4C660EBCA8806F3F7D416720 /* FormatDetect.swift in Sources */,
				C79474B29F29756DF3814248 /* FrontmostResolver.swift in Sources */,
				9BF3F2763EB0174C3C17643D /* GlobalHotkeyManager.swift in Sources */,
				B415036026EE54259AB19CDE /* HistoryStore.swift in Sources */,
				1EEDB61794337EA18AF8C781 /* HistoryView.swift in Sources */,
				1DE30FC91651D584CA871AF6 /* Logger.swift in Sources */,
				559AACD73077DE52E51E4DC7 /* MainWindow.swift in Sources */,
				50BCEAC9A7CFC27D26990910 /* MainWindowManager.swift in Sources */,
				0F38F5D9761141479281413C /* MistralOCRApp.swift in Sources */,
				BBC63D2190E6EA4A285C5153 /* ModelCatalog.swift in Sources */,
				416A0C3B619BD9C85B835144 /* OCRClient.swift in Sources */,
				D7D84334B9C2629879C4C24B /* PreferencesView.swift in Sources */,
				9DF3CAEF2901648AC6B5828C /* SendPanel.swift in Sources */,
				1D05907909916F4AB1936571 /* ServicesProvider.swift in Sources */,
				DA9F2E3DE34A47961EB53F48 /* SettingsStore.swift in Sources */,
				FBBB980995AC13245325BC53 /* StatusController.swift in Sources */,
			);
			runOnlyForDeploymentPostprocessing = 0;
		};
		244D099A39CAE6461882F8C1 /* Sources */ = {
			isa = PBXSourcesBuildPhase;
			buildActionMask = 2147483647;
			files = (
				F4487A1070DBA1ED9B75A6E0 /* ShareExtensionViewController.swift in Sources */,
			);
			runOnlyForDeploymentPostprocessing = 0;
		};
/* End PBXSourcesBuildPhase section */

/* Begin PBXTargetDependency section */
		964B8ACDBCAA5FF7C1C992B8 /* PBXTargetDependency */ = {
			isa = PBXTargetDependency;
			target = 55E5B0C965AE4F230F75ABDE /* ShareExtension */;
			targetProxy = 9D96612508973BB765B065FF /* PBXContainerItemProxy */;
		};
/* End PBXTargetDependency section */

/* Begin PBXVariantGroup section */
		6887CE5AE1F95EC2982A564C /* Localizable.strings */ = {
			isa = PBXVariantGroup;
			children = (
				6E3AFAB302D506A0CC3832D7 /* en */,
				CDBA9D4BAAFA41356B8E374F /* fr */,
			);
			name = Localizable.strings;
			sourceTree = "<group>";
		};
/* End PBXVariantGroup section */

/* Begin XCBuildConfiguration section */
		106C398BFBCE2E98F5078870 /* Release */ = {
			isa = XCBuildConfiguration;
			buildSettings = {
				ASSETCATALOG_COMPILER_APPICON_NAME = AppIcon;
				CODE_SIGN_ENTITLEMENTS = Entitlements/App.entitlements;
				COMBINE_HIDPI_IMAGES = YES;
				DEAD_CODE_STRIPPING = YES;
				INFOPLIST_FILE = Resources/App/Info.plist;
				INFOPLIST_KEY_CFBundleDisplayName = "Mistral OCR";
				LD_RUNPATH_SEARCH_PATHS = (
					"$(inherited)",
					"@executable_path/../Frameworks",
				);
				MACOSX_DEPLOYMENT_TARGET = 14.0;
				MARKETING_VERSION = 13.0.0;
				PRODUCT_BUNDLE_IDENTIFIER = "com.example.MistralOCR-Desktop";
				PRODUCT_NAME = MistralOCR;
				SDKROOT = macosx;
				SWIFT_VERSION = 5.1;
			};
			name = Release;
		};
		809F2124B9976ABE2C410EFB /* Release */ = {
			isa = XCBuildConfiguration;
			buildSettings = {
				ALWAYS_SEARCH_USER_PATHS = NO;
				BASE_SDK = macosx;
				CLANG_ANALYZER_LOCALIZABILITY_NONLOCALIZED = YES;
				CLANG_ANALYZER_NONNULL = YES;
				CLANG_ANALYZER_NUMBER_OBJECT_CONVERSION = YES_AGGRESSIVE;
				CLANG_CXX_LANGUAGE_STANDARD = "gnu++14";
				CLANG_CXX_LIBRARY = "libc++";
				CLANG_ENABLE_MODULES = YES;
				CLANG_ENABLE_OBJC_ARC = YES;
				CLANG_ENABLE_OBJC_WEAK = YES;
				CLANG_WARN_BLOCK_CAPTURE_AUTORELEASING = YES;
				CLANG_WARN_BOOL_CONVERSION = YES;
				CLANG_WARN_COMMA = YES;
				CLANG_WARN_CONSTANT_CONVERSION = YES;
				CLANG_WARN_DEPRECATED_OBJC_IMPLEMENTATIONS = YES;
				CLANG_WARN_DIRECT_OBJC_ISA_USAGE = YES_ERROR;
				CLANG_WARN_DOCUMENTATION_COMMENTS = YES;
				CLANG_WARN_EMPTY_BODY = YES;
				CLANG_WARN_ENUM_CONVERSION = YES;
				CLANG_WARN_INFINITE_RECURSION = YES;
				CLANG_WARN_INT_CONVERSION = YES;
				CLANG_WARN_NON_LITERAL_NULL_CONVERSION = YES;
				CLANG_WARN_OBJC_IMPLICIT_RETAIN_SELF = YES;
				CLANG_WARN_OBJC_LITERAL_CONVERSION = YES;
				CLANG_WARN_OBJC_ROOT_CLASS = YES_ERROR;
				CLANG_WARN_QUOTED_INCLUDE_IN_FRAMEWORK_HEADER = YES;
				CLANG_WARN_RANGE_LOOP_ANALYSIS = YES;
				CLANG_WARN_STRICT_PROTOTYPES = YES;
				CLANG_WARN_SUSPICIOUS_MOVE = YES;
				CLANG_WARN_UNGUARDED_AVAILABILITY = YES_AGGRESSIVE;
				CLANG_WARN_UNREACHABLE_CODE = YES;
				CLANG_WARN__DUPLICATE_METHOD_MATCH = YES;
				COPY_PHASE_STRIP = NO;
				DEAD_CODE_STRIPPING = YES;
				DEBUG_INFORMATION_FORMAT = "dwarf-with-dsym";
				ENABLE_NS_ASSERTIONS = NO;
				ENABLE_STRICT_OBJC_MSGSEND = YES;
				ENABLE_USER_SCRIPT_SANDBOXING = YES;
				GCC_C_LANGUAGE_STANDARD = gnu11;
				GCC_NO_COMMON_BLOCKS = YES;
				GCC_WARN_64_TO_32_BIT_CONVERSION = YES;
				GCC_WARN_ABOUT_RETURN_TYPE = YES_ERROR;
				GCC_WARN_UNDECLARED_SELECTOR = YES;
				GCC_WARN_UNINITIALIZED_AUTOS = YES_AGGRESSIVE;
				GCC_WARN_UNUSED_FUNCTION = YES;
				GCC_WARN_UNUSED_VARIABLE = YES;
				MACOSX_DEPLOYMENT_TARGET = 14.0;
				MTL_ENABLE_DEBUG_INFO = NO;
				MTL_FAST_MATH = YES;
				PRODUCT_NAME = "$(TARGET_NAME)";
				SDKROOT = macosx;
				SWIFT_COMPILATION_MODE = wholemodule;
				SWIFT_OPTIMIZATION_LEVEL = "-O";
				SWIFT_VERSION = 5.0;
			};
			name = Release;
		};
		8E267522EECE77AE45B464AE /* Release */ = {
			isa = XCBuildConfiguration;
			buildSettings = {
				CODE_SIGN_ENTITLEMENTS = Entitlements/ShareExtension.entitlements;
				COMBINE_HIDPI_IMAGES = YES;
				DEAD_CODE_STRIPPING = YES;
				INFOPLIST_FILE = Resources/ShareExtension/Info.plist;
				LD_RUNPATH_SEARCH_PATHS = (
					"$(inherited)",
					"@executable_path/../Frameworks",
					"@executable_path/../../../../Frameworks",
				);
				MACOSX_DEPLOYMENT_TARGET = 14.0;
				PRODUCT_BUNDLE_IDENTIFIER = "com.example.MistralOCR-Desktop.ShareExtension";
				SDKROOT = macosx;
			};
			name = Release;
		};
		98AEA1D3CED5E3AE122BA885 /* Debug */ = {
			isa = XCBuildConfiguration;
			buildSettings = {
				ASSETCATALOG_COMPILER_APPICON_NAME = AppIcon;
				CODE_SIGN_ENTITLEMENTS = Entitlements/App.entitlements;
				COMBINE_HIDPI_IMAGES = YES;
				DEAD_CODE_STRIPPING = YES;
				INFOPLIST_FILE = Resources/App/Info.plist;
				INFOPLIST_KEY_CFBundleDisplayName = "Mistral OCR";
				LD_RUNPATH_SEARCH_PATHS = (
					"$(inherited)",
					"@executable_path/../Frameworks",
				);
				MACOSX_DEPLOYMENT_TARGET = 14.0;
				MARKETING_VERSION = 13.0.0;
				PRODUCT_BUNDLE_IDENTIFIER = "com.example.MistralOCR-Desktop";
				PRODUCT_NAME = MistralOCR;
				SDKROOT = macosx;
				SWIFT_VERSION = 5.1;
			};
			name = Debug;
		};
		B656CB14EA48F315B2AF5A7A /* Debug */ = {
			isa = XCBuildConfiguration;
			buildSettings = {
				ALWAYS_SEARCH_USER_PATHS = NO;
				BASE_SDK = macosx;
				CLANG_ANALYZER_LOCALIZABILITY_NONLOCALIZED = YES;
				CLANG_ANALYZER_NONNULL = YES;
				CLANG_ANALYZER_NUMBER_OBJECT_CONVERSION = YES_AGGRESSIVE;
				CLANG_CXX_LANGUAGE_STANDARD = "gnu++14";
				CLANG_CXX_LIBRARY = "libc++";
				CLANG_ENABLE_MODULES = YES;
				CLANG_ENABLE_OBJC_ARC = YES;
				CLANG_ENABLE_OBJC_WEAK = YES;
				CLANG_WARN_BLOCK_CAPTURE_AUTORELEASING = YES;
				CLANG_WARN_BOOL_CONVERSION = YES;
				CLANG_WARN_COMMA = YES;
				CLANG_WARN_CONSTANT_CONVERSION = YES;
				CLANG_WARN_DEPRECATED_OBJC_IMPLEMENTATIONS = YES;
				CLANG_WARN_DIRECT_OBJC_ISA_USAGE = YES_ERROR;
				CLANG_WARN_DOCUMENTATION_COMMENTS = YES;
				CLANG_WARN_EMPTY_BODY = YES;
				CLANG_WARN_ENUM_CONVERSION = YES;
				CLANG_WARN_INFINITE_RECURSION = YES;
				CLANG_WARN_INT_CONVERSION = YES;
				CLANG_WARN_NON_LITERAL_NULL_CONVERSION = YES;
				CLANG_WARN_OBJC_IMPLICIT_RETAIN_SELF = YES;
				CLANG_WARN_OBJC_LITERAL_CONVERSION = YES;
				CLANG_WARN_OBJC_ROOT_CLASS = YES_ERROR;
				CLANG_WARN_QUOTED_INCLUDE_IN_FRAMEWORK_HEADER = YES;
				CLANG_WARN_RANGE_LOOP_ANALYSIS = YES;
				CLANG_WARN_STRICT_PROTOTYPES = YES;
				CLANG_WARN_SUSPICIOUS_MOVE = YES;
				CLANG_WARN_UNGUARDED_AVAILABILITY = YES_AGGRESSIVE;
				CLANG_WARN_UNREACHABLE_CODE = YES;
				CLANG_WARN__DUPLICATE_METHOD_MATCH = YES;
				COPY_PHASE_STRIP = NO;
				DEAD_CODE_STRIPPING = YES;
				DEBUG_INFORMATION_FORMAT = dwarf;
				ENABLE_STRICT_OBJC_MSGSEND = YES;
				ENABLE_TESTABILITY = YES;
				ENABLE_USER_SCRIPT_SANDBOXING = YES;
				GCC_C_LANGUAGE_STANDARD = gnu11;
				GCC_DYNAMIC_NO_PIC = NO;
				GCC_NO_COMMON_BLOCKS = YES;
				GCC_OPTIMIZATION_LEVEL = 0;
				GCC_PREPROCESSOR_DEFINITIONS = (
					"$(inherited)",
					"DEBUG=1",
				);
				GCC_WARN_64_TO_32_BIT_CONVERSION = YES;
				GCC_WARN_ABOUT_RETURN_TYPE = YES_ERROR;
				GCC_WARN_UNDECLARED_SELECTOR = YES;
				GCC_WARN_UNINITIALIZED_AUTOS = YES_AGGRESSIVE;
				GCC_WARN_UNUSED_FUNCTION = YES;
				GCC_WARN_UNUSED_VARIABLE = YES;
				MACOSX_DEPLOYMENT_TARGET = 14.0;
				MTL_ENABLE_DEBUG_INFO = INCLUDE_SOURCE;
				MTL_FAST_MATH = YES;
				ONLY_ACTIVE_ARCH = YES;
				PRODUCT_NAME = "$(TARGET_NAME)";
				SDKROOT = macosx;
				SWIFT_ACTIVE_COMPILATION_CONDITIONS = DEBUG;
				SWIFT_OPTIMIZATION_LEVEL = "-Onone";
				SWIFT_VERSION = 5.0;
			};
			name = Debug;
		};
		FA9F3C381CF1B10E96451F22 /* Debug */ = {
			isa = XCBuildConfiguration;
			buildSettings = {
				CODE_SIGN_ENTITLEMENTS = Entitlements/ShareExtension.entitlements;
				COMBINE_HIDPI_IMAGES = YES;
				DEAD_CODE_STRIPPING = YES;
				INFOPLIST_FILE = Resources/ShareExtension/Info.plist;
				LD_RUNPATH_SEARCH_PATHS = (
					"$(inherited)",
					"@executable_path/../Frameworks",
					"@executable_path/../../../../Frameworks",
				);
				MACOSX_DEPLOYMENT_TARGET = 14.0;
				PRODUCT_BUNDLE_IDENTIFIER = "com.example.MistralOCR-Desktop.ShareExtension";
				SDKROOT = macosx;
			};
			name = Debug;
		};
/* End XCBuildConfiguration section */

/* Begin XCConfigurationList section */
		1725174E93D64DDA0B9CB2F4 /* Build configuration list for PBXNativeTarget "ShareExtension" */ = {
			isa = XCConfigurationList;
			buildConfigurations = (
				FA9F3C381CF1B10E96451F22 /* Debug */,
				8E267522EECE77AE45B464AE /* Release */,
			);
			defaultConfigurationIsVisible = 0;
			defaultConfigurationName = Debug;
		};
		187DCFDEDDE2A0D3EEF46E55 /* Build configuration list for PBXNativeTarget "MistralOCR_Desktop" */ = {
			isa = XCConfigurationList;
			buildConfigurations = (
				98AEA1D3CED5E3AE122BA885 /* Debug */,
				106C398BFBCE2E98F5078870 /* Release */,
			);
			defaultConfigurationIsVisible = 0;
			defaultConfigurationName = Debug;
		};
		71B446A1736CF593547073DA /* Build configuration list for PBXProject "MistralOCR_Desktop" */ = {
			isa = XCConfigurationList;
			buildConfigurations = (
				B656CB14EA48F315B2AF5A7A /* Debug */,
				809F2124B9976ABE2C410EFB /* Release */,
			);
			defaultConfigurationIsVisible = 0;
			defaultConfigurationName = Debug;
		};
/* End XCConfigurationList section */
	};
	rootObject = B0F75163F6459D5AD08F40A5 /* Project object */;
}
